
Microsoft Visual Studio Solution File, Format Version 12.00
# Visual Studio Version 16
VisualStudioVersion = 16.0.31229.75
MinimumVisualStudioVersion = 10.0.40219.1
Project("{FAE04EC0-301F-11D3-BF4B-00C04F79EFBC}") = "DeliveryGoods", "DeliveryGoods\DeliveryGoods.csproj", "{A27E3685-C030-468D-B805-F468BB61DD84}"
EndProject
Global
	GlobalSection(SolutionConfigurationPlatforms) = preSolution
		Debug|Any CPU = Debug|Any CPU
		Release|Any CPU = Release|Any CPU
	EndGlobalSection
	GlobalSection(ProjectConfigurationPlatforms) = postSolution
		{A27E3685-C030-468D-B805-F468BB61DD84}.Debug|Any CPU.ActiveCfg = Debug|Any CPU
		{A27E3685-C030-468D-B805-F468BB61DD84}.Debug|Any CPU.Build.0 = Debug|Any CPU
		{A27E3685-C030-468D-B805-F468BB61DD84}.Release|Any CPU.ActiveCfg = Release|Any CPU
		{A27E3685-C030-468D-B805-F468BB61DD84}.Release|Any CPU.Build.0 = Release|Any CPU
	EndGlobalSection
	GlobalSection(SolutionProperties) = preSolution
		HideSolutionNode = FALSE
	EndGlobalSection
	GlobalSection(ExtensibilityGlobals) = postSolution
		SolutionGuid = {2B2B82F0-27D0-481D-BBF3-3211F2AE11A6}
	EndGlobalSection
EndGlobal
